
Microsoft Visual Studio Solution File, Format Version 12.00
# Visual Studio Version 17
VisualStudioVersion = 17.11.35327.3
MinimumVisualStudioVersion = 10.0.40219.1
Project("{FAE04EC0-301F-11D3-BF4B-00C04F79EFBC}") = "TVShow", "Biblioteka\TVShow.csproj", "{B77BD1C7-4151-4D5A-98A0-43D45AA33CF7}"
EndProject
Project("{FAE04EC0-301F-11D3-BF4B-00C04F79EFBC}") = "Console", "Console\Console.csproj", "{6D00561B-936E-46BF-9944-1D7A8FEADA58}"
EndProject
Global
	GlobalSection(SolutionConfigurationPlatforms) = preSolution
		Debug|Any CPU = Debug|Any CPU
		Release|Any CPU = Release|Any CPU
	EndGlobalSection
	GlobalSection(ProjectConfigurationPlatforms) = postSolution
		{B77BD1C7-4151-4D5A-98A0-43D45AA33CF7}.Debug|Any CPU.ActiveCfg = Debug|Any CPU
		{B77BD1C7-4151-4D5A-98A0-43D45AA33CF7}.Debug|Any CPU.Build.0 = Debug|Any CPU
		{B77BD1C7-4151-4D5A-98A0-43D45AA33CF7}.Release|Any CPU.ActiveCfg = Release|Any CPU
		{B77BD1C7-4151-4D5A-98A0-43D45AA33CF7}.Release|Any CPU.Build.0 = Release|Any CPU
		{6D00561B-936E-46BF-9944-1D7A8FEADA58}.Debug|Any CPU.ActiveCfg = Debug|Any CPU
		{6D00561B-936E-46BF-9944-1D7A8FEADA58}.Debug|Any CPU.Build.0 = Debug|Any CPU
		{6D00561B-936E-46BF-9944-1D7A8FEADA58}.Release|Any CPU.ActiveCfg = Release|Any CPU
		{6D00561B-936E-46BF-9944-1D7A8FEADA58}.Release|Any CPU.Build.0 = Release|Any CPU
	EndGlobalSection
	GlobalSection(SolutionProperties) = preSolution
		HideSolutionNode = FALSE
	EndGlobalSection
	GlobalSection(ExtensibilityGlobals) = postSolution
		SolutionGuid = {008A5B65-BD46-41E3-A543-C299045ED2C1}
	EndGlobalSection
EndGlobal
